
Microsoft Visual Studio Solution File, Format Version 12.00
# Visual Studio Version 16
VisualStudioVersion = 16.0.29709.97
MinimumVisualStudioVersion = 10.0.40219.1
Project("{FAE04EC0-301F-11D3-BF4B-00C04F79EFBC}") = "Exercicio1.Sinais", "BalanceaSinais\Exercicio1.Sinais.csproj", "{B264FDCF-6367-4F79-A5D5-FFCCD84C32DB}"
EndProject
Project("{FAE04EC0-301F-11D3-BF4B-00C04F79EFBC}") = "Exercicio1.Tests", "Exercicio1.Tests\Exercicio1.Tests.csproj", "{43F96284-957C-4755-A25D-7D534CBF4011}"
EndProject
Project("{FAE04EC0-301F-11D3-BF4B-00C04F79EFBC}") = "Exercicio2.Soldado", "Exercicio2.Soldado\Exercicio2.Soldado.csproj", "{C80FBDE4-B778-4846-BE29-DC3FF3C153F6}"
EndProject
Project("{FAE04EC0-301F-11D3-BF4B-00C04F79EFBC}") = "Exercicio2.Tests", "Exercicio.Tests\Exercicio2.Tests.csproj", "{2B796F47-0404-4657-BBDD-B9BB13A7A9BB}"
EndProject
Global
	GlobalSection(SolutionConfigurationPlatforms) = preSolution
		Debug|Any CPU = Debug|Any CPU
		Release|Any CPU = Release|Any CPU
	EndGlobalSection
	GlobalSection(ProjectConfigurationPlatforms) = postSolution
		{B264FDCF-6367-4F79-A5D5-FFCCD84C32DB}.Debug|Any CPU.ActiveCfg = Debug|Any CPU
		{B264FDCF-6367-4F79-A5D5-FFCCD84C32DB}.Debug|Any CPU.Build.0 = Debug|Any CPU
		{B264FDCF-6367-4F79-A5D5-FFCCD84C32DB}.Release|Any CPU.ActiveCfg = Release|Any CPU
		{B264FDCF-6367-4F79-A5D5-FFCCD84C32DB}.Release|Any CPU.Build.0 = Release|Any CPU
		{43F96284-957C-4755-A25D-7D534CBF4011}.Debug|Any CPU.ActiveCfg = Debug|Any CPU
		{43F96284-957C-4755-A25D-7D534CBF4011}.Debug|Any CPU.Build.0 = Debug|Any CPU
		{43F96284-957C-4755-A25D-7D534CBF4011}.Release|Any CPU.ActiveCfg = Release|Any CPU
		{43F96284-957C-4755-A25D-7D534CBF4011}.Release|Any CPU.Build.0 = Release|Any CPU
		{C80FBDE4-B778-4846-BE29-DC3FF3C153F6}.Debug|Any CPU.ActiveCfg = Debug|Any CPU
		{C80FBDE4-B778-4846-BE29-DC3FF3C153F6}.Debug|Any CPU.Build.0 = Debug|Any CPU
		{C80FBDE4-B778-4846-BE29-DC3FF3C153F6}.Release|Any CPU.ActiveCfg = Release|Any CPU
		{C80FBDE4-B778-4846-BE29-DC3FF3C153F6}.Release|Any CPU.Build.0 = Release|Any CPU
		{2B796F47-0404-4657-BBDD-B9BB13A7A9BB}.Debug|Any CPU.ActiveCfg = Debug|Any CPU
		{2B796F47-0404-4657-BBDD-B9BB13A7A9BB}.Debug|Any CPU.Build.0 = Debug|Any CPU
		{2B796F47-0404-4657-BBDD-B9BB13A7A9BB}.Release|Any CPU.ActiveCfg = Release|Any CPU
		{2B796F47-0404-4657-BBDD-B9BB13A7A9BB}.Release|Any CPU.Build.0 = Release|Any CPU
	EndGlobalSection
	GlobalSection(SolutionProperties) = preSolution
		HideSolutionNode = FALSE
	EndGlobalSection
	GlobalSection(ExtensibilityGlobals) = postSolution
		SolutionGuid = {9A154ADC-2592-4707-BF1A-7E5F9848647E}
	EndGlobalSection
EndGlobal
